
Microsoft Visual Studio Solution File, Format Version 12.00
# Visual Studio Version 17
VisualStudioVersion = 17.4.33403.182
MinimumVisualStudioVersion = 10.0.40219.1
Project("{FAE04EC0-301F-11D3-BF4B-00C04F79EFBC}") = "ImageGeneration", "ImageGeneration\ImageGeneration.csproj", "{624C7B95-7439-4F49-B68C-6FB0526C24F8}"
EndProject
Global
	GlobalSection(SolutionConfigurationPlatforms) = preSolution
		Debug|Any CPU = Debug|Any CPU
		Release|Any CPU = Release|Any CPU
	EndGlobalSection
	GlobalSection(ProjectConfigurationPlatforms) = postSolution
		{624C7B95-7439-4F49-B68C-6FB0526C24F8}.Debug|Any CPU.ActiveCfg = Debug|Any CPU
		{624C7B95-7439-4F49-B68C-6FB0526C24F8}.Debug|Any CPU.Build.0 = Debug|Any CPU
		{624C7B95-7439-4F49-B68C-6FB0526C24F8}.Release|Any CPU.ActiveCfg = Release|Any CPU
		{624C7B95-7439-4F49-B68C-6FB0526C24F8}.Release|Any CPU.Build.0 = Release|Any CPU
	EndGlobalSection
	GlobalSection(SolutionProperties) = preSolution
		HideSolutionNode = FALSE
	EndGlobalSection
	GlobalSection(ExtensibilityGlobals) = postSolution
		SolutionGuid = {130BD30B-4081-4257-A5C6-645D4C5336FE}
	EndGlobalSection
EndGlobal
